dependencies:
- name: external-secrets
  repository: https://charts.external-secrets.io
  version: 0.9.13
- name: vault-transit
  repository: file://charts/vault-transit
  version: 1.0.0
- name: vault
  repository: file://charts/vault
  version: 1.0.0
- name: cloudnative-pg
  repository: https://cloudnative-pg.github.io/charts
  version: 0.21.0
- name: psmdb-operator
  repository: https://percona.github.io/percona-helm-charts/
  version: 1.15.0
- name: pxc-operator
  repository: https://percona.github.io/percona-helm-charts/
  version: 1.14.0
- name: redis-operator
  repository: https://ot-container-kit.github.io/helm-charts/
  version: 0.24.0
- name: k8ssandra-operator
  repository: https://helm.k8ssandra.io/stable
  version: 1.14.0
- name: postgresql
  repository: file://charts/postgresql
  version: 1.0.0
- name: mongodb
  repository: file://charts/mongodb
  version: 1.0.0
- name: mysql
  repository: file://charts/mysql
  version: 1.0.0
- name: redis
  repository: file://charts/redis
  version: 1.0.0
- name: cassandra
  repository: file://charts/cassandra
  version: 1.0.0
digest: sha256:4daaadb43aae3f20b255aa161c86af8ca7435bca918e52e1a2dd35f306cca92c
generated: "2026-03-26T07:26:37.645494887Z"
