dependencies:
- name: postgresql
  repository: file://charts/postgresql
  version: 1.0.0
- name: mongodb
  repository: file://charts/mongodb
  version: 1.0.0
- name: mysql
  repository: file://charts/mysql
  version: 1.0.0
- name: redis
  repository: file://charts/redis
  version: 1.0.0
- name: cassandra
  repository: file://charts/cassandra
  version: 1.0.0
digest: sha256:b77a377db47f8be812f2d6f7fdd9aa99d4a05b7d27be09f067d005a1cb1cc6d4
generated: "2026-04-03T10:02:55.097334894Z"
